
Microsoft Visual Studio Solution File, Format Version 12.00
# Visual Studio Version 17
VisualStudioVersion = 17.4.33403.182
MinimumVisualStudioVersion = 10.0.40219.1
Project("{FAE04EC0-301F-11D3-BF4B-00C04F79EFBC}") = "The Forest Game", "The Forest Game\The Forest Game.csproj", "{410A85D4-5ED7-4499-BF7E-8C06B176D9A2}"
EndProject
Global
	GlobalSection(SolutionConfigurationPlatforms) = preSolution
		Debug|Any CPU = Debug|Any CPU
		Release|Any CPU = Release|Any CPU
	EndGlobalSection
	GlobalSection(ProjectConfigurationPlatforms) = postSolution
		{410A85D4-5ED7-4499-BF7E-8C06B176D9A2}.Debug|Any CPU.ActiveCfg = Debug|Any CPU
		{410A85D4-5ED7-4499-BF7E-8C06B176D9A2}.Debug|Any CPU.Build.0 = Debug|Any CPU
		{410A85D4-5ED7-4499-BF7E-8C06B176D9A2}.Release|Any CPU.ActiveCfg = Release|Any CPU
		{410A85D4-5ED7-4499-BF7E-8C06B176D9A2}.Release|Any CPU.Build.0 = Release|Any CPU
	EndGlobalSection
	GlobalSection(SolutionProperties) = preSolution
		HideSolutionNode = FALSE
	EndGlobalSection
	GlobalSection(ExtensibilityGlobals) = postSolution
		SolutionGuid = {74B10D76-F85E-41B7-B25F-69DBF16C063F}
	EndGlobalSection
EndGlobal
